github.com/coredds/GoHoliday v0.0.0-20250825180304-21b4150b170d h1:/ZRpgYoY/FQAYZXP9eo0BzK41O5tF9Ls51JsQSCbKOA=
github.com/coredds/GoHoliday v0.0.0-20250825180304-21b4150b170d/go.mod h1:MEnTi15tvmnqvEl0xCqkhyuGaE0LR0mGP52c4XXP7T8=
github.com/coredds/GoHoliday v0.0.0-20250827164640-d1754766319a h1:HH0f1bse44LU7EGG09PPLbQj2PFp6CjqB408/dzXGgQ=
github.com/coredds/GoHoliday v0.0.0-20250827164640-d1754766319a/go.mod h1:MEnTi15tvmnqvEl0xCqkhyuGaE0LR0mGP52c4XXP7T8=
